
Microsoft Visual Studio Solution File, Format Version 12.00
# Visual Studio 15
VisualStudioVersion = 15.0.26124.0
MinimumVisualStudioVersion = 15.0.26124.0
Project("{FAE04EC0-301F-11D3-BF4B-00C04F79EFBC}") = "webhook-server", "webhook-server\webhook-server.csproj", "{638237CE-9C4E-4395-B251-742073EB8659}"
EndProject
Project("{FAE04EC0-301F-11D3-BF4B-00C04F79EFBC}") = "setup-webhook", "setup-webhook\setup-webhook.csproj", "{16B03DB1-AA61-4161-AEFB-1A1F42422F94}"
EndProject
Global
	GlobalSection(SolutionConfigurationPlatforms) = preSolution
		Debug|Any CPU = Debug|Any CPU
		Debug|x64 = Debug|x64
		Debug|x86 = Debug|x86
		Release|Any CPU = Release|Any CPU
		Release|x64 = Release|x64
		Release|x86 = Release|x86
	EndGlobalSection
	GlobalSection(SolutionProperties) = preSolution
		HideSolutionNode = FALSE
	EndGlobalSection
	GlobalSection(ProjectConfigurationPlatforms) = postSolution
		{638237CE-9C4E-4395-B251-742073EB8659}.Debug|Any CPU.ActiveCfg = Debug|Any CPU
		{638237CE-9C4E-4395-B251-742073EB8659}.Debug|Any CPU.Build.0 = Debug|Any CPU
		{638237CE-9C4E-4395-B251-742073EB8659}.Debug|x64.ActiveCfg = Debug|Any CPU
		{638237CE-9C4E-4395-B251-742073EB8659}.Debug|x64.Build.0 = Debug|Any CPU
		{638237CE-9C4E-4395-B251-742073EB8659}.Debug|x86.ActiveCfg = Debug|Any CPU
		{638237CE-9C4E-4395-B251-742073EB8659}.Debug|x86.Build.0 = Debug|Any CPU
		{638237CE-9C4E-4395-B251-742073EB8659}.Release|Any CPU.ActiveCfg = Release|Any CPU
		{638237CE-9C4E-4395-B251-742073EB8659}.Release|Any CPU.Build.0 = Release|Any CPU
		{638237CE-9C4E-4395-B251-742073EB8659}.Release|x64.ActiveCfg = Release|Any CPU
		{638237CE-9C4E-4395-B251-742073EB8659}.Release|x64.Build.0 = Release|Any CPU
		{638237CE-9C4E-4395-B251-742073EB8659}.Release|x86.ActiveCfg = Release|Any CPU
		{638237CE-9C4E-4395-B251-742073EB8659}.Release|x86.Build.0 = Release|Any CPU
		{16B03DB1-AA61-4161-AEFB-1A1F42422F94}.Debug|Any CPU.ActiveCfg = Debug|Any CPU
		{16B03DB1-AA61-4161-AEFB-1A1F42422F94}.Debug|Any CPU.Build.0 = Debug|Any CPU
		{16B03DB1-AA61-4161-AEFB-1A1F42422F94}.Debug|x64.ActiveCfg = Debug|Any CPU
		{16B03DB1-AA61-4161-AEFB-1A1F42422F94}.Debug|x64.Build.0 = Debug|Any CPU
		{16B03DB1-AA61-4161-AEFB-1A1F42422F94}.Debug|x86.ActiveCfg = Debug|Any CPU
		{16B03DB1-AA61-4161-AEFB-1A1F42422F94}.Debug|x86.Build.0 = Debug|Any CPU
		{16B03DB1-AA61-4161-AEFB-1A1F42422F94}.Release|Any CPU.ActiveCfg = Release|Any CPU
		{16B03DB1-AA61-4161-AEFB-1A1F42422F94}.Release|Any CPU.Build.0 = Release|Any CPU
		{16B03DB1-AA61-4161-AEFB-1A1F42422F94}.Release|x64.ActiveCfg = Release|Any CPU
		{16B03DB1-AA61-4161-AEFB-1A1F42422F94}.Release|x64.Build.0 = Release|Any CPU
		{16B03DB1-AA61-4161-AEFB-1A1F42422F94}.Release|x86.ActiveCfg = Release|Any CPU
		{16B03DB1-AA61-4161-AEFB-1A1F42422F94}.Release|x86.Build.0 = Release|Any CPU
	EndGlobalSection
EndGlobal
